
Microsoft Visual Studio Solution File, Format Version 12.00
# Visual Studio Version 17
VisualStudioVersion = 17.5.33502.453
MinimumVisualStudioVersion = 10.0.40219.1
Project("{FAE04EC0-301F-11D3-BF4B-00C04F79EFBC}") = "SYSTools", "SYSTools\SYSTools.csproj", "{15E1A82F-F5CD-408B-ADEB-E1954F0E1008}"
	ProjectSection(ProjectDependencies) = postProject
		{F217C29B-02EE-435D-A537-3CABE65308CB} = {F217C29B-02EE-435D-A537-3CABE65308CB}
	EndProjectSection
EndProject
Project("{FAE04EC0-301F-11D3-BF4B-00C04F79EFBC}") = "SYSTools_Update(Tools)", "SYSTools_Update(Tools)\SYSTools_Update(Tools).csproj", "{F217C29B-02EE-435D-A537-3CABE65308CB}"
EndProject
Global
	GlobalSection(SolutionConfigurationPlatforms) = preSolution
		Debug|Any CPU = Debug|Any CPU
		Release|Any CPU = Release|Any CPU
	EndGlobalSection
	GlobalSection(ProjectConfigurationPlatforms) = postSolution
		{15E1A82F-F5CD-408B-ADEB-E1954F0E1008}.Debug|Any CPU.ActiveCfg = Debug|Any CPU
		{15E1A82F-F5CD-408B-ADEB-E1954F0E1008}.Debug|Any CPU.Build.0 = Debug|Any CPU
		{15E1A82F-F5CD-408B-ADEB-E1954F0E1008}.Release|Any CPU.ActiveCfg = Release|Any CPU
		{15E1A82F-F5CD-408B-ADEB-E1954F0E1008}.Release|Any CPU.Build.0 = Release|Any CPU
		{F217C29B-02EE-435D-A537-3CABE65308CB}.Debug|Any CPU.ActiveCfg = Debug|Any CPU
		{F217C29B-02EE-435D-A537-3CABE65308CB}.Debug|Any CPU.Build.0 = Debug|Any CPU
		{F217C29B-02EE-435D-A537-3CABE65308CB}.Release|Any CPU.ActiveCfg = Release|Any CPU
		{F217C29B-02EE-435D-A537-3CABE65308CB}.Release|Any CPU.Build.0 = Release|Any CPU
	EndGlobalSection
	GlobalSection(SolutionProperties) = preSolution
		HideSolutionNode = FALSE
	EndGlobalSection
	GlobalSection(ExtensibilityGlobals) = postSolution
		SolutionGuid = {CCD92457-CC58-4705-9EB5-807FA7615596}
	EndGlobalSection
EndGlobal
